
Microsoft Visual Studio Solution File, Format Version 12.00
# Visual Studio Version 17
VisualStudioVersion = 17.13.35828.75 d17.13
MinimumVisualStudioVersion = 10.0.40219.1
Project("{FAE04EC0-301F-11D3-BF4B-00C04F79EFBC}") = "GenderApplication", "GenderApplication\GenderApplication.csproj", "{A0508737-01EC-4F72-87C3-3CD575532516}"
EndProject
Global
	GlobalSection(SolutionConfigurationPlatforms) = preSolution
		Debug|Any CPU = Debug|Any CPU
		Release|Any CPU = Release|Any CPU
	EndGlobalSection
	GlobalSection(ProjectConfigurationPlatforms) = postSolution
		{A0508737-01EC-4F72-87C3-3CD575532516}.Debug|Any CPU.ActiveCfg = Debug|Any CPU
		{A0508737-01EC-4F72-87C3-3CD575532516}.Debug|Any CPU.Build.0 = Debug|Any CPU
		{A0508737-01EC-4F72-87C3-3CD575532516}.Release|Any CPU.ActiveCfg = Release|Any CPU
		{A0508737-01EC-4F72-87C3-3CD575532516}.Release|Any CPU.Build.0 = Release|Any CPU
	EndGlobalSection
	GlobalSection(SolutionProperties) = preSolution
		HideSolutionNode = FALSE
	EndGlobalSection
	GlobalSection(ExtensibilityGlobals) = postSolution
		SolutionGuid = {F5ED7EC4-D703-4377-90A3-9804F6A62D75}
	EndGlobalSection
EndGlobal
